
Microsoft Visual Studio Solution File, Format Version 12.00
# Visual Studio Version 17
VisualStudioVersion = 17.7.34221.43
MinimumVisualStudioVersion = 10.0.40219.1
Project("{FAE04EC0-301F-11D3-BF4B-00C04F79EFBC}") = "Pronia", "Pronia\Pronia.csproj", "{0F387E8F-B760-4E90-8A6D-FA96DD12103D}"
EndProject
Global
	GlobalSection(SolutionConfigurationPlatforms) = preSolution
		Debug|Any CPU = Debug|Any CPU
		Release|Any CPU = Release|Any CPU
	EndGlobalSection
	GlobalSection(ProjectConfigurationPlatforms) = postSolution
		{0F387E8F-B760-4E90-8A6D-FA96DD12103D}.Debug|Any CPU.ActiveCfg = Debug|Any CPU
		{0F387E8F-B760-4E90-8A6D-FA96DD12103D}.Debug|Any CPU.Build.0 = Debug|Any CPU
		{0F387E8F-B760-4E90-8A6D-FA96DD12103D}.Release|Any CPU.ActiveCfg = Release|Any CPU
		{0F387E8F-B760-4E90-8A6D-FA96DD12103D}.Release|Any CPU.Build.0 = Release|Any CPU
	EndGlobalSection
	GlobalSection(SolutionProperties) = preSolution
		HideSolutionNode = FALSE
	EndGlobalSection
	GlobalSection(ExtensibilityGlobals) = postSolution
		SolutionGuid = {19BB4844-EB64-4D63-BBE1-C0972BC0BCE4}
	EndGlobalSection
EndGlobal
